
Microsoft Visual Studio Solution File, Format Version 12.00
# Visual Studio Version 17
VisualStudioVersion = 17.0.31423.177
MinimumVisualStudioVersion = 10.0.40219.1
Project("{FAE04EC0-301F-11D3-BF4B-00C04F79EFBC}") = "OData6Demo.Api", "OData6Demo.Api\OData6Demo.Api.csproj", "{3B8AA226-BD55-4702-BA04-725C6D9A0B5D}"
EndProject
Global
	GlobalSection(SolutionConfigurationPlatforms) = preSolution
		Debug|Any CPU = Debug|Any CPU
		Release|Any CPU = Release|Any CPU
	EndGlobalSection
	GlobalSection(ProjectConfigurationPlatforms) = postSolution
		{3B8AA226-BD55-4702-BA04-725C6D9A0B5D}.Debug|Any CPU.ActiveCfg = Debug|Any CPU
		{3B8AA226-BD55-4702-BA04-725C6D9A0B5D}.Debug|Any CPU.Build.0 = Debug|Any CPU
		{3B8AA226-BD55-4702-BA04-725C6D9A0B5D}.Release|Any CPU.ActiveCfg = Release|Any CPU
		{3B8AA226-BD55-4702-BA04-725C6D9A0B5D}.Release|Any CPU.Build.0 = Release|Any CPU
	EndGlobalSection
	GlobalSection(SolutionProperties) = preSolution
		HideSolutionNode = FALSE
	EndGlobalSection
	GlobalSection(ExtensibilityGlobals) = postSolution
		SolutionGuid = {595752F0-3D48-432D-A08F-9B1BE957D80E}
	EndGlobalSection
EndGlobal
